
Microsoft Visual Studio Solution File, Format Version 12.00
# Visual Studio Version 16
VisualStudioVersion = 16.0.29418.71
MinimumVisualStudioVersion = 10.0.40219.1
Project("{FAE04EC0-301F-11D3-BF4B-00C04F79EFBC}") = "FilmFinderWebApp", "FilmFinderWebApp\FilmFinderWebApp.csproj", "{8C060191-FB14-4DB4-8821-FF0617F1E51D}"
EndProject
Global
	GlobalSection(SolutionConfigurationPlatforms) = preSolution
		Debug|Any CPU = Debug|Any CPU
		Release|Any CPU = Release|Any CPU
	EndGlobalSection
	GlobalSection(ProjectConfigurationPlatforms) = postSolution
		{8C060191-FB14-4DB4-8821-FF0617F1E51D}.Debug|Any CPU.ActiveCfg = Debug|Any CPU
		{8C060191-FB14-4DB4-8821-FF0617F1E51D}.Debug|Any CPU.Build.0 = Debug|Any CPU
		{8C060191-FB14-4DB4-8821-FF0617F1E51D}.Release|Any CPU.ActiveCfg = Release|Any CPU
		{8C060191-FB14-4DB4-8821-FF0617F1E51D}.Release|Any CPU.Build.0 = Release|Any CPU
	EndGlobalSection
	GlobalSection(SolutionProperties) = preSolution
		HideSolutionNode = FALSE
	EndGlobalSection
	GlobalSection(ExtensibilityGlobals) = postSolution
		SolutionGuid = {0FEA7A09-0E74-4A37-A4EA-6966855990FB}
	EndGlobalSection
EndGlobal
